
Microsoft Visual Studio Solution File, Format Version 12.00
# Visual Studio Version 16
VisualStudioVersion = 16.0.30907.101
MinimumVisualStudioVersion = 10.0.40219.1
Project("{9A19103F-16F7-4668-BE54-9A1E7A4F7556}") = "Webapi", "Webapi.csproj", "{48B8BF99-C397-453F-B693-A005E54F6068}"
EndProject
Global
	GlobalSection(SolutionConfigurationPlatforms) = preSolution
		Debug|Any CPU = Debug|Any CPU
		Release|Any CPU = Release|Any CPU
	EndGlobalSection
	GlobalSection(ProjectConfigurationPlatforms) = postSolution
		{48B8BF99-C397-453F-B693-A005E54F6068}.Debug|Any CPU.ActiveCfg = Debug|Any CPU
		{48B8BF99-C397-453F-B693-A005E54F6068}.Debug|Any CPU.Build.0 = Debug|Any CPU
		{48B8BF99-C397-453F-B693-A005E54F6068}.Release|Any CPU.ActiveCfg = Release|Any CPU
		{48B8BF99-C397-453F-B693-A005E54F6068}.Release|Any CPU.Build.0 = Release|Any CPU
	EndGlobalSection
	GlobalSection(SolutionProperties) = preSolution
		HideSolutionNode = FALSE
	EndGlobalSection
	GlobalSection(ExtensibilityGlobals) = postSolution
		SolutionGuid = {B3D2857F-812D-4AF0-A7AA-60F50158B806}
	EndGlobalSection
EndGlobal
